
Microsoft Visual Studio Solution File, Format Version 12.00
# Visual Studio Version 17
VisualStudioVersion = 17.5.2.0
MinimumVisualStudioVersion = 10.0.40219.1
Project("{FAE04EC0-301F-11D3-BF4B-00C04F79EFBC}") = "FastEndpointsDemo.Api", "FastEndpointsDemo.Api\FastEndpointsDemo.Api.csproj", "{0F92EF68-9B1C-CF48-407A-58D194EAA029}"
EndProject
Project("{FAE04EC0-301F-11D3-BF4B-00C04F79EFBC}") = "FastEndpointsDemo.Domain", "FastEndpointsDemo.Domain\FastEndpointsDemo.Domain.csproj", "{CFB8189D-212A-486A-8675-7D8B6773AE70}"
EndProject
Project("{FAE04EC0-301F-11D3-BF4B-00C04F79EFBC}") = "FastEndpointsDemo.Application", "FastEndpointsDemo.Application\FastEndpointsDemo.Application.csproj", "{039CE9B5-53A6-44EF-BE52-AF8B2B7005B0}"
EndProject
Project("{FAE04EC0-301F-11D3-BF4B-00C04F79EFBC}") = "FastEndpointsDemo.Infrastructure", "FastEndpointsDemo.Infrastructure\FastEndpointsDemo.Infrastructure.csproj", "{728A32E1-6FEB-4C07-BB78-FB81383A2CAB}"
EndProject
Global
	GlobalSection(SolutionConfigurationPlatforms) = preSolution
		Debug|Any CPU = Debug|Any CPU
		Release|Any CPU = Release|Any CPU
	EndGlobalSection
	GlobalSection(ProjectConfigurationPlatforms) = postSolution
		{0F92EF68-9B1C-CF48-407A-58D194EAA029}.Debug|Any CPU.ActiveCfg = Debug|Any CPU
		{0F92EF68-9B1C-CF48-407A-58D194EAA029}.Debug|Any CPU.Build.0 = Debug|Any CPU
		{0F92EF68-9B1C-CF48-407A-58D194EAA029}.Release|Any CPU.ActiveCfg = Release|Any CPU
		{0F92EF68-9B1C-CF48-407A-58D194EAA029}.Release|Any CPU.Build.0 = Release|Any CPU
		{CFB8189D-212A-486A-8675-7D8B6773AE70}.Debug|Any CPU.ActiveCfg = Debug|Any CPU
		{CFB8189D-212A-486A-8675-7D8B6773AE70}.Debug|Any CPU.Build.0 = Debug|Any CPU
		{CFB8189D-212A-486A-8675-7D8B6773AE70}.Release|Any CPU.ActiveCfg = Release|Any CPU
		{CFB8189D-212A-486A-8675-7D8B6773AE70}.Release|Any CPU.Build.0 = Release|Any CPU
		{039CE9B5-53A6-44EF-BE52-AF8B2B7005B0}.Debug|Any CPU.ActiveCfg = Debug|Any CPU
		{039CE9B5-53A6-44EF-BE52-AF8B2B7005B0}.Debug|Any CPU.Build.0 = Debug|Any CPU
		{039CE9B5-53A6-44EF-BE52-AF8B2B7005B0}.Release|Any CPU.ActiveCfg = Release|Any CPU
		{039CE9B5-53A6-44EF-BE52-AF8B2B7005B0}.Release|Any CPU.Build.0 = Release|Any CPU
		{728A32E1-6FEB-4C07-BB78-FB81383A2CAB}.Debug|Any CPU.ActiveCfg = Debug|Any CPU
		{728A32E1-6FEB-4C07-BB78-FB81383A2CAB}.Debug|Any CPU.Build.0 = Debug|Any CPU
		{728A32E1-6FEB-4C07-BB78-FB81383A2CAB}.Release|Any CPU.ActiveCfg = Release|Any CPU
		{728A32E1-6FEB-4C07-BB78-FB81383A2CAB}.Release|Any CPU.Build.0 = Release|Any CPU
	EndGlobalSection
	GlobalSection(SolutionProperties) = preSolution
		HideSolutionNode = FALSE
	EndGlobalSection
	GlobalSection(ExtensibilityGlobals) = postSolution
		SolutionGuid = {5838AAFC-3430-438D-87BF-EEE1F3C9B965}
	EndGlobalSection
EndGlobal
